{
  "name": "test-app",
  "version": "1.0.0",
  "lockfileVersion": 2,
  "requires": true,
  "packages": {
    "": {
      "name": "test-app",
      "version": "1.0.0",
      "dependencies": {
        "create-vue": "^3"
      }
    },
    "node_modules/create-vue": {
      "version": "3.1.8",
      "resolved": "https://registry.npmjs.org/create-vue/-/create-vue-3.1.8.tgz",
      "integrity": "sha512-IlBNVa/ix/VpLc+k0v+MZ5CaE5WMVMZgHgRfnaYM4Gn4huBh3Vz0NKsKtflT9LvL2Pnyn+KHF2bfNr8EkXNaeQ==",
      "bin": {
        "create-vue": "outfile.cjs"
      },
      "engines": {
        "node": "^14.13.1 || >=16.0.0"
      }
    }
  },
  "dependencies": {
    "create-vue": {
      "version": "3.1.8",
      "resolved": "https://registry.npmjs.org/create-vue/-/create-vue-3.1.8.tgz",
      "integrity": "sha512-IlBNVa/ix/VpLc+k0v+MZ5CaE5WMVMZgHgRfnaYM4Gn4huBh3Vz0NKsKtflT9LvL2Pnyn+KHF2bfNr8EkXNaeQ=="
    }
  }
}
